
Microsoft Visual Studio Solution File, Format Version 12.00
# Visual Studio 15
VisualStudioVersion = 15.0.27004.2002
MinimumVisualStudioVersion = 10.0.40219.1
Project("{FAE04EC0-301F-11D3-BF4B-00C04F79EFBC}") = "KMTModifierExpress", "KMTModifierExpress\KMTModifierExpress.csproj", "{41E2FB88-2DD8-487E-9D0A-F481E1200E9B}"
EndProject
Global
	GlobalSection(SolutionConfigurationPlatforms) = preSolution
		Debug|Any CPU = Debug|Any CPU
		Release|Any CPU = Release|Any CPU
	EndGlobalSection
	GlobalSection(ProjectConfigurationPlatforms) = postSolution
		{41E2FB88-2DD8-487E-9D0A-F481E1200E9B}.Debug|Any CPU.ActiveCfg = Debug|Any CPU
		{41E2FB88-2DD8-487E-9D0A-F481E1200E9B}.Debug|Any CPU.Build.0 = Debug|Any CPU
		{41E2FB88-2DD8-487E-9D0A-F481E1200E9B}.Release|Any CPU.ActiveCfg = Release|Any CPU
		{41E2FB88-2DD8-487E-9D0A-F481E1200E9B}.Release|Any CPU.Build.0 = Release|Any CPU
	EndGlobalSection
	GlobalSection(SolutionProperties) = preSolution
		HideSolutionNode = FALSE
	EndGlobalSection
	GlobalSection(ExtensibilityGlobals) = postSolution
		SolutionGuid = {7EE40F26-3750-479E-9C3D-61856E037316}
	EndGlobalSection
EndGlobal
